
Microsoft Visual Studio Solution File, Format Version 12.00
# Visual Studio Version 16
VisualStudioVersion = 16.0.30523.141
MinimumVisualStudioVersion = 10.0.40219.1
Project("{FAE04EC0-301F-11D3-BF4B-00C04F79EFBC}") = "Muszilla", "Muszilla.csproj", "{3F48D00F-AEC5-4770-B222-FB7CC238D1D2}"
EndProject
Global
	GlobalSection(SolutionConfigurationPlatforms) = preSolution
		Debug|Any CPU = Debug|Any CPU
		Release|Any CPU = Release|Any CPU
	EndGlobalSection
	GlobalSection(ProjectConfigurationPlatforms) = postSolution
		{3F48D00F-AEC5-4770-B222-FB7CC238D1D2}.Debug|Any CPU.ActiveCfg = Debug|Any CPU
		{3F48D00F-AEC5-4770-B222-FB7CC238D1D2}.Debug|Any CPU.Build.0 = Debug|Any CPU
		{3F48D00F-AEC5-4770-B222-FB7CC238D1D2}.Release|Any CPU.ActiveCfg = Release|Any CPU
		{3F48D00F-AEC5-4770-B222-FB7CC238D1D2}.Release|Any CPU.Build.0 = Release|Any CPU
	EndGlobalSection
	GlobalSection(SolutionProperties) = preSolution
		HideSolutionNode = FALSE
	EndGlobalSection
	GlobalSection(ExtensibilityGlobals) = postSolution
		SolutionGuid = {AD615549-E86F-47C0-BA74-B253164A305F}
	EndGlobalSection
EndGlobal
